{
  "name": "poster-maker-scripts",
  "lockfileVersion": 3,
  "requires": true,
  "packages": {
    "": {
      "name": "poster-maker-scripts",
      "dependencies": {
        "takumi-js": "^2.13.5",
        "takumi-pdf": "^0.14.1"
      }
    },
    "node_modules/@takumi-rs/core": {
      "version": "2.13.7",
      "resolved": "https://registry.npmjs.org/@takumi-rs/core/-/core-2.13.7.tgz",
      "integrity": "sha512-FBkglt8kGBZwT2CHr+kppN+FH72Oy8gLIZz1BIbD9vNcocLrvtLsh1Y0nB18mOPmaROKGUVUXLPnIuWo49CRng==",
      "license": "(MIT OR Apache-2.0)",
      "dependencies": {
        "@takumi-rs/helpers": "2.13.7"
      },
      "engines": {
        "node": ">=18"
      },
      "optionalDependencies": {
        "@takumi-rs/core-darwin-arm64": "2.13.7",
        "@takumi-rs/core-darwin-x64": "2.13.7",
        "@takumi-rs/core-linux-arm64-gnu": "2.13.7",
        "@takumi-rs/core-linux-arm64-musl": "2.13.7",
        "@takumi-rs/core-linux-x64-gnu": "2.13.7",
        "@takumi-rs/core-linux-x64-musl": "2.13.7",
        "@takumi-rs/core-win32-arm64-msvc": "2.13.7",
        "@takumi-rs/core-win32-x64-msvc": "2.13.7"
      },
      "peerDependencies": {
        "csstype": "*"
      },
      "peerDependenciesMeta": {
        "csstype": {
          "optional": true
        }
      }
    },
    "node_modules/@takumi-rs/core-darwin-arm64": {
      "version": "2.13.7",
      "resolved": "https://registry.npmjs.org/@takumi-rs/core-darwin-arm64/-/core-darwin-arm64-2.13.7.tgz",
      "integrity": "sha512-Jbe1ik4bcVOOHDpa5RCjm5fe+LfJjjyebvvPBMekhEKXg6hlTbIEFmhr/GCxMOKUfaNsvb4amZ/bVCo0NDSCjA==",
      "cpu": [
        "arm64"
      ],
      "license": "(MIT OR Apache-2.0)",
      "optional": true,
      "os": [
        "darwin"
      ],
      "engines": {
        "node": ">=18"
      }
    },
    "node_modules/@takumi-rs/core-darwin-x64": {
      "version": "2.13.7",
      "resolved": "https://registry.npmjs.org/@takumi-rs/core-darwin-x64/-/core-darwin-x64-2.13.7.tgz",
      "integrity": "sha512-PvmSmhjbSosM3XaHZ9VhFm1x7Xc9oZ5GqXlskiwZblKIi5S4EI43buhUd28xzcBlKkB/vC3c15Cj417XjnUk4g==",
      "cpu": [
        "x64"
      ],
      "license": "(MIT OR Apache-2.0)",
      "optional": true,
      "os": [
        "darwin"
      ],
      "engines": {
        "node": ">=18"
      }
    },
    "node_modules/@takumi-rs/core-linux-arm64-gnu": {
      "version": "2.13.7",
      "resolved": "https://registry.npmjs.org/@takumi-rs/core-linux-arm64-gnu/-/core-linux-arm64-gnu-2.13.7.tgz",
      "integrity": "sha512-TGvDidIF3dtb7TMoJRF+0BET/v6eAuQxV8AXo/57GqO3TM9wjLt3AbkrFkzxSsaIRXlBQxCfb+GsS0YdGnpo4w==",
      "cpu": [
        "arm64"
      ],
      "license": "(MIT OR Apache-2.0)",
      "optional": true,
      "os": [
        "linux"
      ],
      "engines": {
        "node": ">=18"
      }
    },
    "node_modules/@takumi-rs/core-linux-arm64-musl": {
      "version": "2.13.7",
      "resolved": "https://registry.npmjs.org/@takumi-rs/core-linux-arm64-musl/-/core-linux-arm64-musl-2.13.7.tgz",
      "integrity": "sha512-CL92+JeFbqlPfWI2SSQqLtcjWpxEsPYQ+wNhaqUWLnlTMfZfj+Fl3ERFLbmK+lYnGs7bzpPXLisd3GJQ37rTYw==",
      "cpu": [
        "arm64"
      ],
      "license": "(MIT OR Apache-2.0)",
      "optional": true,
      "os": [
        "linux"
      ],
      "engines": {
        "node": ">=18"
      }
    },
    "node_modules/@takumi-rs/core-linux-x64-gnu": {
      "version": "2.13.7",
      "resolved": "https://registry.npmjs.org/@takumi-rs/core-linux-x64-gnu/-/core-linux-x64-gnu-2.13.7.tgz",
      "integrity": "sha512-ZxoapyUDlInik93WIA9+Sk/ByOb3QGO7GaL9PA7OOdIlK5ovK9v9q88tZb1cvfxtIVzdE9HPBUhb5quNMcuXWg==",
      "cpu": [
        "x64"
      ],
      "license": "(MIT OR Apache-2.0)",
      "optional": true,
      "os": [
        "linux"
      ],
      "engines": {
        "node": ">=18"
      }
    },
    "node_modules/@takumi-rs/core-linux-x64-musl": {
      "version": "2.13.7",
      "resolved": "https://registry.npmjs.org/@takumi-rs/core-linux-x64-musl/-/core-linux-x64-musl-2.13.7.tgz",
      "integrity": "sha512-OqoVTd7mrlIwjKYYFizUwz+3zpnVsbrpLFPXFC+BmUxdFYNZwKa0R+Pk56EslyBZS3CuBy+RnBusHCvNC7+09g==",
      "cpu": [
        "x64"
      ],
      "license": "(MIT OR Apache-2.0)",
      "optional": true,
      "os": [
        "linux"
      ],
      "engines": {
        "node": ">=18"
      }
    },
    "node_modules/@takumi-rs/core-win32-arm64-msvc": {
      "version": "2.13.7",
      "resolved": "https://registry.npmjs.org/@takumi-rs/core-win32-arm64-msvc/-/core-win32-arm64-msvc-2.13.7.tgz",
      "integrity": "sha512-evSyi/y3uV03U+PJfLeG2V3aRsmmWJ6elrFpkLtHebWwi49kXazTL5TYsCkPj5hA4i+rNs6z/t/BygLj1Krp8Q==",
      "cpu": [
        "arm64"
      ],
      "license": "(MIT OR Apache-2.0)",
      "optional": true,
      "os": [
        "win32"
      ],
      "engines": {
        "node": ">=18"
      }
    },
    "node_modules/@takumi-rs/core-win32-x64-msvc": {
      "version": "2.13.7",
      "resolved": "https://registry.npmjs.org/@takumi-rs/core-win32-x64-msvc/-/core-win32-x64-msvc-2.13.7.tgz",
      "integrity": "sha512-GawtljFxuJemQynlF5wryxtSLv18XNuKSjMt52xf66WMaBKt4eN6/b7yIZp9QqKPof8ip8uqFOt7fWVSUN+gHQ==",
      "cpu": [
        "x64"
      ],
      "license": "(MIT OR Apache-2.0)",
      "optional": true,
      "os": [
        "win32"
      ],
      "engines": {
        "node": ">=18"
      }
    },
    "node_modules/@takumi-rs/helpers": {
      "version": "2.13.7",
      "resolved": "https://registry.npmjs.org/@takumi-rs/helpers/-/helpers-2.13.7.tgz",
      "integrity": "sha512-6AKk/ixuvoCEZD9/LPAz3kxTcwWHeZh15quhHIHYiVxFRl4x2LyKN8j6eZngiepYYsORXAuJ5YlTGA7uIRfeMQ==",
      "license": "(MIT OR Apache-2.0)",
      "engines": {
        "node": ">=18"
      },
      "peerDependencies": {
        "preact": "^10.0.0",
        "react": "^18.0.0 || ^19.0.0"
      },
      "peerDependenciesMeta": {
        "preact": {
          "optional": true
        },
        "react": {
          "optional": true
        }
      }
    },
    "node_modules/@takumi-rs/wasm": {
      "version": "2.13.7",
      "resolved": "https://registry.npmjs.org/@takumi-rs/wasm/-/wasm-2.13.7.tgz",
      "integrity": "sha512-tc2IFETJ9HtZpS94cL3qSTiecJhhR4RUTXbb3E8cyz6WKdyoZSFkL2r67xnidVtcv22RKTyfVJ2gxV7eWvF+mA==",
      "license": "(MIT OR Apache-2.0)",
      "dependencies": {
        "@takumi-rs/helpers": "2.13.7"
      },
      "engines": {
        "node": ">=20.19"
      },
      "peerDependencies": {
        "csstype": "*"
      },
      "peerDependenciesMeta": {
        "csstype": {
          "optional": true
        }
      }
    },
    "node_modules/takumi-js": {
      "version": "2.13.7",
      "resolved": "https://registry.npmjs.org/takumi-js/-/takumi-js-2.13.7.tgz",
      "integrity": "sha512-6CuATUv1O6X/aD3T0OQIkv0nyesefJibamskfQxcQqKVl2CCk6kIX9E0e+glMTILTJC2I1IcrcFEPlmDlcexgQ==",
      "license": "(MIT OR Apache-2.0)",
      "dependencies": {
        "@takumi-rs/core": "2.13.7",
        "@takumi-rs/helpers": "2.13.7",
        "@takumi-rs/wasm": "2.13.7"
      },
      "engines": {
        "node": ">=20.19"
      }
    },
    "node_modules/takumi-pdf": {
      "version": "0.14.3",
      "resolved": "https://registry.npmjs.org/takumi-pdf/-/takumi-pdf-0.14.3.tgz",
      "integrity": "sha512-jmHJAG4+Cc4WTKoIUH+gw/ywxVqD8gRsn0F8pJHlFCrYYGtPUguSuMYMtz1Fcwy+42CY35S2UYB8p34dgZpJhQ==",
      "license": "(MIT OR Apache-2.0)",
      "dependencies": {
        "@takumi-rs/helpers": "2.13.7"
      },
      "engines": {
        "node": ">=20.19"
      },
      "peerDependencies": {
        "react": "^18.0.0 || ^19.0.0"
      },
      "peerDependenciesMeta": {
        "react": {
          "optional": true
        }
      }
    }
  }
}
